
Microsoft Visual Studio Solution File, Format Version 12.00
# Visual Studio 15
VisualStudioVersion = 15.0.27130.2036
MinimumVisualStudioVersion = 10.0.40219.1
Project("{2150E333-8FDC-42A3-9474-1A3956D46DE8}") = "Solution Items", "Solution Items", "{F4754BA0-15E8-4B6A-98B9-048CBFFDF008}"
	ProjectSection(SolutionItems) = preProject
		Info.txt = Info.txt
	EndProjectSection
EndProject
Project("{FAE04EC0-301F-11D3-BF4B-00C04F79EFBC}") = "Model", "Model\Model.csproj", "{00698E9E-93A0-49F7-BECF-755227CFBB2E}"
EndProject
Project("{FAE04EC0-301F-11D3-BF4B-00C04F79EFBC}") = "Entity", "Entity\Entity.csproj", "{140149D7-1E67-40CB-B367-0663885EAAD4}"
EndProject
Project("{FAE04EC0-301F-11D3-BF4B-00C04F79EFBC}") = "Web", "Web\Web.csproj", "{32187387-DE7A-4F7C-A7C7-6B5D39452EDB}"
EndProject
Global
	GlobalSection(SolutionConfigurationPlatforms) = preSolution
		Debug|Any CPU = Debug|Any CPU
		Release|Any CPU = Release|Any CPU
	EndGlobalSection
	GlobalSection(ProjectConfigurationPlatforms) = postSolution
		{00698E9E-93A0-49F7-BECF-755227CFBB2E}.Debug|Any CPU.ActiveCfg = Debug|Any CPU
		{00698E9E-93A0-49F7-BECF-755227CFBB2E}.Debug|Any CPU.Build.0 = Debug|Any CPU
		{00698E9E-93A0-49F7-BECF-755227CFBB2E}.Release|Any CPU.ActiveCfg = Release|Any CPU
		{00698E9E-93A0-49F7-BECF-755227CFBB2E}.Release|Any CPU.Build.0 = Release|Any CPU
		{140149D7-1E67-40CB-B367-0663885EAAD4}.Debug|Any CPU.ActiveCfg = Debug|Any CPU
		{140149D7-1E67-40CB-B367-0663885EAAD4}.Debug|Any CPU.Build.0 = Debug|Any CPU
		{140149D7-1E67-40CB-B367-0663885EAAD4}.Release|Any CPU.ActiveCfg = Release|Any CPU
		{140149D7-1E67-40CB-B367-0663885EAAD4}.Release|Any CPU.Build.0 = Release|Any CPU
		{32187387-DE7A-4F7C-A7C7-6B5D39452EDB}.Debug|Any CPU.ActiveCfg = Debug|Any CPU
		{32187387-DE7A-4F7C-A7C7-6B5D39452EDB}.Debug|Any CPU.Build.0 = Debug|Any CPU
		{32187387-DE7A-4F7C-A7C7-6B5D39452EDB}.Release|Any CPU.ActiveCfg = Release|Any CPU
		{32187387-DE7A-4F7C-A7C7-6B5D39452EDB}.Release|Any CPU.Build.0 = Release|Any CPU
	EndGlobalSection
	GlobalSection(SolutionProperties) = preSolution
		HideSolutionNode = FALSE
	EndGlobalSection
	GlobalSection(ExtensibilityGlobals) = postSolution
		SolutionGuid = {2762FF4B-7575-4DD9-B20D-79EE7F80B0F1}
	EndGlobalSection
EndGlobal
