
Microsoft Visual Studio Solution File, Format Version 12.00
# Visual Studio 15
VisualStudioVersion = 15.0.27130.2036
MinimumVisualStudioVersion = 10.0.40219.1
Project("{FAE04EC0-301F-11D3-BF4B-00C04F79EFBC}") = "Model", "Model\Model.csproj", "{45907A27-1F96-472D-A3A3-5EFDACD22EEA}"
EndProject
Project("{FAE04EC0-301F-11D3-BF4B-00C04F79EFBC}") = "Entity", "Entity\Entity.csproj", "{29DCEFCF-AF18-4A28-A71A-4A7BEA3D3D8B}"
EndProject
Project("{FAE04EC0-301F-11D3-BF4B-00C04F79EFBC}") = "Web", "Web\Web.csproj", "{213A8738-A7B8-46BD-8D2F-3EA9247D2CFF}"
EndProject
Global
	GlobalSection(SolutionConfigurationPlatforms) = preSolution
		Debug|Any CPU = Debug|Any CPU
		Release|Any CPU = Release|Any CPU
	EndGlobalSection
	GlobalSection(ProjectConfigurationPlatforms) = postSolution
		{45907A27-1F96-472D-A3A3-5EFDACD22EEA}.Debug|Any CPU.ActiveCfg = Debug|Any CPU
		{45907A27-1F96-472D-A3A3-5EFDACD22EEA}.Debug|Any CPU.Build.0 = Debug|Any CPU
		{45907A27-1F96-472D-A3A3-5EFDACD22EEA}.Release|Any CPU.ActiveCfg = Release|Any CPU
		{45907A27-1F96-472D-A3A3-5EFDACD22EEA}.Release|Any CPU.Build.0 = Release|Any CPU
		{29DCEFCF-AF18-4A28-A71A-4A7BEA3D3D8B}.Debug|Any CPU.ActiveCfg = Debug|Any CPU
		{29DCEFCF-AF18-4A28-A71A-4A7BEA3D3D8B}.Debug|Any CPU.Build.0 = Debug|Any CPU
		{29DCEFCF-AF18-4A28-A71A-4A7BEA3D3D8B}.Release|Any CPU.ActiveCfg = Release|Any CPU
		{29DCEFCF-AF18-4A28-A71A-4A7BEA3D3D8B}.Release|Any CPU.Build.0 = Release|Any CPU
		{213A8738-A7B8-46BD-8D2F-3EA9247D2CFF}.Debug|Any CPU.ActiveCfg = Debug|Any CPU
		{213A8738-A7B8-46BD-8D2F-3EA9247D2CFF}.Debug|Any CPU.Build.0 = Debug|Any CPU
		{213A8738-A7B8-46BD-8D2F-3EA9247D2CFF}.Release|Any CPU.ActiveCfg = Release|Any CPU
		{213A8738-A7B8-46BD-8D2F-3EA9247D2CFF}.Release|Any CPU.Build.0 = Release|Any CPU
	EndGlobalSection
	GlobalSection(SolutionProperties) = preSolution
		HideSolutionNode = FALSE
	EndGlobalSection
	GlobalSection(ExtensibilityGlobals) = postSolution
		SolutionGuid = {2762FF4B-7575-4DD9-B20D-79EE7F80B0F1}
	EndGlobalSection
EndGlobal
